
Microsoft Visual Studio Solution File, Format Version 12.00
# Visual Studio 15
VisualStudioVersion = 15.0.26730.16
MinimumVisualStudioVersion = 10.0.40219.1
Project("{888888A0-9F3D-457C-B088-3A5042F75D52}") = "pygame", "pysrc\pygame.pyproj", "{F712F2D6-C2D3-464A-B032-F2DDB3669F8D}"
EndProject
Project("{8BC9CEB8-8B4A-11D0-8D11-00A0C91BC942}") = "cppGmk", "cppsrc\cppGmk.vcxproj", "{28D3C0BD-EBF2-44EA-957D-EEDD10986876}"
EndProject
Global
	GlobalSection(SolutionConfigurationPlatforms) = preSolution
		Debug|Any CPU = Debug|Any CPU
		Debug|x64 = Debug|x64
		Debug|x86 = Debug|x86
		Release|Any CPU = Release|Any CPU
		Release|x64 = Release|x64
		Release|x86 = Release|x86
	EndGlobalSection
	GlobalSection(ProjectConfigurationPlatforms) = postSolution
		{F712F2D6-C2D3-464A-B032-F2DDB3669F8D}.Debug|Any CPU.ActiveCfg = Debug|Any CPU
		{F712F2D6-C2D3-464A-B032-F2DDB3669F8D}.Debug|x64.ActiveCfg = Debug|Any CPU
		{F712F2D6-C2D3-464A-B032-F2DDB3669F8D}.Debug|x86.ActiveCfg = Debug|Any CPU
		{F712F2D6-C2D3-464A-B032-F2DDB3669F8D}.Release|Any CPU.ActiveCfg = Release|Any CPU
		{F712F2D6-C2D3-464A-B032-F2DDB3669F8D}.Release|x64.ActiveCfg = Release|Any CPU
		{F712F2D6-C2D3-464A-B032-F2DDB3669F8D}.Release|x86.ActiveCfg = Release|Any CPU
		{28D3C0BD-EBF2-44EA-957D-EEDD10986876}.Debug|Any CPU.ActiveCfg = Debug|Win32
		{28D3C0BD-EBF2-44EA-957D-EEDD10986876}.Debug|x64.ActiveCfg = Debug|x64
		{28D3C0BD-EBF2-44EA-957D-EEDD10986876}.Debug|x64.Build.0 = Debug|x64
		{28D3C0BD-EBF2-44EA-957D-EEDD10986876}.Debug|x86.ActiveCfg = Debug|Win32
		{28D3C0BD-EBF2-44EA-957D-EEDD10986876}.Debug|x86.Build.0 = Debug|Win32
		{28D3C0BD-EBF2-44EA-957D-EEDD10986876}.Release|Any CPU.ActiveCfg = Release|Win32
		{28D3C0BD-EBF2-44EA-957D-EEDD10986876}.Release|x64.ActiveCfg = Release|x64
		{28D3C0BD-EBF2-44EA-957D-EEDD10986876}.Release|x64.Build.0 = Release|x64
		{28D3C0BD-EBF2-44EA-957D-EEDD10986876}.Release|x86.ActiveCfg = Release|Win32
		{28D3C0BD-EBF2-44EA-957D-EEDD10986876}.Release|x86.Build.0 = Release|Win32
	EndGlobalSection
	GlobalSection(SolutionProperties) = preSolution
		HideSolutionNode = FALSE
	EndGlobalSection
	GlobalSection(ExtensibilityGlobals) = postSolution
		SolutionGuid = {80FDC005-EEA4-4A06-A84E-2CA0E7654B72}
	EndGlobalSection
EndGlobal
